
Microsoft Visual Studio Solution File, Format Version 12.00
# Visual Studio Version 16
VisualStudioVersion = 16.0.30803.129
MinimumVisualStudioVersion = 10.0.40219.1
Project("{FAE04EC0-301F-11D3-BF4B-00C04F79EFBC}") = "TinifyTest.UWP", "TinifyTest\TinifyTest.UWP\TinifyTest.UWP.csproj", "{D99FAF94-0587-4F49-972C-1AD326971830}"
EndProject
Project("{FAE04EC0-301F-11D3-BF4B-00C04F79EFBC}") = "TinifyTest.Android", "TinifyTest\TinifyTest.Android\TinifyTest.Android.csproj", "{B4872800-474A-4368-B6BC-27524787604C}"
EndProject
Project("{FAE04EC0-301F-11D3-BF4B-00C04F79EFBC}") = "TinifyTest.iOS", "TinifyTest\TinifyTest.iOS\TinifyTest.iOS.csproj", "{9E7D1023-085F-44C8-8A3B-637BB6E83292}"
EndProject
Project("{FAE04EC0-301F-11D3-BF4B-00C04F79EFBC}") = "TinifyTest", "TinifyTest\TinifyTest\TinifyTest.csproj", "{4C464A75-4B8C-4E7D-AD4A-18827246051B}"
EndProject
Global
	GlobalSection(SolutionConfigurationPlatforms) = preSolution
		Debug|Any CPU = Debug|Any CPU
		Debug|ARM = Debug|ARM
		Debug|iPhone = Debug|iPhone
		Debug|iPhoneSimulator = Debug|iPhoneSimulator
		Debug|x64 = Debug|x64
		Debug|x86 = Debug|x86
		Release|Any CPU = Release|Any CPU
		Release|ARM = Release|ARM
		Release|iPhone = Release|iPhone
		Release|iPhoneSimulator = Release|iPhoneSimulator
		Release|x64 = Release|x64
		Release|x86 = Release|x86
	EndGlobalSection
	GlobalSection(ProjectConfigurationPlatforms) = postSolution
		{D99FAF94-0587-4F49-972C-1AD326971830}.Debug|Any CPU.ActiveCfg = Debug|x86
		{D99FAF94-0587-4F49-972C-1AD326971830}.Debug|Any CPU.Build.0 = Debug|x86
		{D99FAF94-0587-4F49-972C-1AD326971830}.Debug|Any CPU.Deploy.0 = Debug|x86
		{D99FAF94-0587-4F49-972C-1AD326971830}.Debug|ARM.ActiveCfg = Debug|ARM
		{D99FAF94-0587-4F49-972C-1AD326971830}.Debug|ARM.Build.0 = Debug|ARM
		{D99FAF94-0587-4F49-972C-1AD326971830}.Debug|ARM.Deploy.0 = Debug|ARM
		{D99FAF94-0587-4F49-972C-1AD326971830}.Debug|iPhone.ActiveCfg = Debug|x86
		{D99FAF94-0587-4F49-972C-1AD326971830}.Debug|iPhone.Build.0 = Debug|x86
		{D99FAF94-0587-4F49-972C-1AD326971830}.Debug|iPhone.Deploy.0 = Debug|x86
		{D99FAF94-0587-4F49-972C-1AD326971830}.Debug|iPhoneSimulator.ActiveCfg = Debug|x86
		{D99FAF94-0587-4F49-972C-1AD326971830}.Debug|iPhoneSimulator.Build.0 = Debug|x86
		{D99FAF94-0587-4F49-972C-1AD326971830}.Debug|iPhoneSimulator.Deploy.0 = Debug|x86
		{D99FAF94-0587-4F49-972C-1AD326971830}.Debug|x64.ActiveCfg = Debug|x64
		{D99FAF94-0587-4F49-972C-1AD326971830}.Debug|x64.Build.0 = Debug|x64
		{D99FAF94-0587-4F49-972C-1AD326971830}.Debug|x64.Deploy.0 = Debug|x64
		{D99FAF94-0587-4F49-972C-1AD326971830}.Debug|x86.ActiveCfg = Debug|x86
		{D99FAF94-0587-4F49-972C-1AD326971830}.Debug|x86.Build.0 = Debug|x86
		{D99FAF94-0587-4F49-972C-1AD326971830}.Debug|x86.Deploy.0 = Debug|x86
		{D99FAF94-0587-4F49-972C-1AD326971830}.Release|Any CPU.ActiveCfg = Release|x86
		{D99FAF94-0587-4F49-972C-1AD326971830}.Release|Any CPU.Build.0 = Release|x86
		{D99FAF94-0587-4F49-972C-1AD326971830}.Release|Any CPU.Deploy.0 = Release|x86
		{D99FAF94-0587-4F49-972C-1AD326971830}.Release|ARM.ActiveCfg = Release|ARM
		{D99FAF94-0587-4F49-972C-1AD326971830}.Release|ARM.Build.0 = Release|ARM
		{D99FAF94-0587-4F49-972C-1AD326971830}.Release|ARM.Deploy.0 = Release|ARM
		{D99FAF94-0587-4F49-972C-1AD326971830}.Release|iPhone.ActiveCfg = Release|x86
		{D99FAF94-0587-4F49-972C-1AD326971830}.Release|iPhone.Build.0 = Release|x86
		{D99FAF94-0587-4F49-972C-1AD326971830}.Release|iPhone.Deploy.0 = Release|x86
		{D99FAF94-0587-4F49-972C-1AD326971830}.Release|iPhoneSimulator.ActiveCfg = Release|x86
		{D99FAF94-0587-4F49-972C-1AD326971830}.Release|iPhoneSimulator.Build.0 = Release|x86
		{D99FAF94-0587-4F49-972C-1AD326971830}.Release|iPhoneSimulator.Deploy.0 = Release|x86
		{D99FAF94-0587-4F49-972C-1AD326971830}.Release|x64.ActiveCfg = Release|x64
		{D99FAF94-0587-4F49-972C-1AD326971830}.Release|x64.Build.0 = Release|x64
		{D99FAF94-0587-4F49-972C-1AD326971830}.Release|x64.Deploy.0 = Release|x64
		{D99FAF94-0587-4F49-972C-1AD326971830}.Release|x86.ActiveCfg = Release|x86
		{D99FAF94-0587-4F49-972C-1AD326971830}.Release|x86.Build.0 = Release|x86
		{D99FAF94-0587-4F49-972C-1AD326971830}.Release|x86.Deploy.0 = Release|x86
		{B4872800-474A-4368-B6BC-27524787604C}.Debug|Any CPU.ActiveCfg = Debug|Any CPU
		{B4872800-474A-4368-B6BC-27524787604C}.Debug|Any CPU.Build.0 = Debug|Any CPU
		{B4872800-474A-4368-B6BC-27524787604C}.Debug|Any CPU.Deploy.0 = Debug|Any CPU
		{B4872800-474A-4368-B6BC-27524787604C}.Debug|ARM.ActiveCfg = Debug|Any CPU
		{B4872800-474A-4368-B6BC-27524787604C}.Debug|ARM.Build.0 = Debug|Any CPU
		{B4872800-474A-4368-B6BC-27524787604C}.Debug|ARM.Deploy.0 = Debug|Any CPU
		{B4872800-474A-4368-B6BC-27524787604C}.Debug|iPhone.ActiveCfg = Debug|Any CPU
		{B4872800-474A-4368-B6BC-27524787604C}.Debug|iPhone.Build.0 = Debug|Any CPU
		{B4872800-474A-4368-B6BC-27524787604C}.Debug|iPhone.Deploy.0 = Debug|Any CPU
		{B4872800-474A-4368-B6BC-27524787604C}.Debug|iPhoneSimulator.ActiveCfg = Debug|Any CPU
		{B4872800-474A-4368-B6BC-27524787604C}.Debug|iPhoneSimulator.Build.0 = Debug|Any CPU
		{B4872800-474A-4368-B6BC-27524787604C}.Debug|iPhoneSimulator.Deploy.0 = Debug|Any CPU
		{B4872800-474A-4368-B6BC-27524787604C}.Debug|x64.ActiveCfg = Debug|Any CPU
		{B4872800-474A-4368-B6BC-27524787604C}.Debug|x64.Build.0 = Debug|Any CPU
		{B4872800-474A-4368-B6BC-27524787604C}.Debug|x64.Deploy.0 = Debug|Any CPU
		{B4872800-474A-4368-B6BC-27524787604C}.Debug|x86.ActiveCfg = Debug|Any CPU
		{B4872800-474A-4368-B6BC-27524787604C}.Debug|x86.Build.0 = Debug|Any CPU
		{B4872800-474A-4368-B6BC-27524787604C}.Debug|x86.Deploy.0 = Debug|Any CPU
		{B4872800-474A-4368-B6BC-27524787604C}.Release|Any CPU.ActiveCfg = Release|Any CPU
		{B4872800-474A-4368-B6BC-27524787604C}.Release|Any CPU.Build.0 = Release|Any CPU
		{B4872800-474A-4368-B6BC-27524787604C}.Release|Any CPU.Deploy.0 = Release|Any CPU
		{B4872800-474A-4368-B6BC-27524787604C}.Release|ARM.ActiveCfg = Release|Any CPU
		{B4872800-474A-4368-B6BC-27524787604C}.Release|ARM.Build.0 = Release|Any CPU
		{B4872800-474A-4368-B6BC-27524787604C}.Release|ARM.Deploy.0 = Release|Any CPU
		{B4872800-474A-4368-B6BC-27524787604C}.Release|iPhone.ActiveCfg = Release|Any CPU
		{B4872800-474A-4368-B6BC-27524787604C}.Release|iPhone.Build.0 = Release|Any CPU
		{B4872800-474A-4368-B6BC-27524787604C}.Release|iPhone.Deploy.0 = Release|Any CPU
		{B4872800-474A-4368-B6BC-27524787604C}.Release|iPhoneSimulator.ActiveCfg = Release|Any CPU
		{B4872800-474A-4368-B6BC-27524787604C}.Release|iPhoneSimulator.Build.0 = Release|Any CPU
		{B4872800-474A-4368-B6BC-27524787604C}.Release|iPhoneSimulator.Deploy.0 = Release|Any CPU
		{B4872800-474A-4368-B6BC-27524787604C}.Release|x64.ActiveCfg = Release|Any CPU
		{B4872800-474A-4368-B6BC-27524787604C}.Release|x64.Build.0 = Release|Any CPU
		{B4872800-474A-4368-B6BC-27524787604C}.Release|x64.Deploy.0 = Release|Any CPU
		{B4872800-474A-4368-B6BC-27524787604C}.Release|x86.ActiveCfg = Release|Any CPU
		{B4872800-474A-4368-B6BC-27524787604C}.Release|x86.Build.0 = Release|Any CPU
		{B4872800-474A-4368-B6BC-27524787604C}.Release|x86.Deploy.0 = Release|Any CPU
		{9E7D1023-085F-44C8-8A3B-637BB6E83292}.Debug|Any CPU.ActiveCfg = Debug|iPhoneSimulator
		{9E7D1023-085F-44C8-8A3B-637BB6E83292}.Debug|Any CPU.Build.0 = Debug|iPhoneSimulator
		{9E7D1023-085F-44C8-8A3B-637BB6E83292}.Debug|Any CPU.Deploy.0 = Debug|iPhoneSimulator
		{9E7D1023-085F-44C8-8A3B-637BB6E83292}.Debug|ARM.ActiveCfg = Debug|iPhone
		{9E7D1023-085F-44C8-8A3B-637BB6E83292}.Debug|ARM.Build.0 = Debug|iPhone
		{9E7D1023-085F-44C8-8A3B-637BB6E83292}.Debug|ARM.Deploy.0 = Debug|iPhone
		{9E7D1023-085F-44C8-8A3B-637BB6E83292}.Debug|iPhone.ActiveCfg = Debug|iPhone
		{9E7D1023-085F-44C8-8A3B-637BB6E83292}.Debug|iPhone.Build.0 = Debug|iPhone
		{9E7D1023-085F-44C8-8A3B-637BB6E83292}.Debug|iPhone.Deploy.0 = Debug|iPhone
		{9E7D1023-085F-44C8-8A3B-637BB6E83292}.Debug|iPhoneSimulator.ActiveCfg = Debug|iPhoneSimulator
		{9E7D1023-085F-44C8-8A3B-637BB6E83292}.Debug|iPhoneSimulator.Build.0 = Debug|iPhoneSimulator
		{9E7D1023-085F-44C8-8A3B-637BB6E83292}.Debug|iPhoneSimulator.Deploy.0 = Debug|iPhoneSimulator
		{9E7D1023-085F-44C8-8A3B-637BB6E83292}.Debug|x64.ActiveCfg = Debug|iPhoneSimulator
		{9E7D1023-085F-44C8-8A3B-637BB6E83292}.Debug|x64.Build.0 = Debug|iPhoneSimulator
		{9E7D1023-085F-44C8-8A3B-637BB6E83292}.Debug|x64.Deploy.0 = Debug|iPhoneSimulator
		{9E7D1023-085F-44C8-8A3B-637BB6E83292}.Debug|x86.ActiveCfg = Debug|iPhoneSimulator
		{9E7D1023-085F-44C8-8A3B-637BB6E83292}.Debug|x86.Build.0 = Debug|iPhoneSimulator
		{9E7D1023-085F-44C8-8A3B-637BB6E83292}.Debug|x86.Deploy.0 = Debug|iPhoneSimulator
		{9E7D1023-085F-44C8-8A3B-637BB6E83292}.Release|Any CPU.ActiveCfg = Release|iPhoneSimulator
		{9E7D1023-085F-44C8-8A3B-637BB6E83292}.Release|Any CPU.Build.0 = Release|iPhoneSimulator
		{9E7D1023-085F-44C8-8A3B-637BB6E83292}.Release|Any CPU.Deploy.0 = Release|iPhoneSimulator
		{9E7D1023-085F-44C8-8A3B-637BB6E83292}.Release|ARM.ActiveCfg = Release|iPhoneSimulator
		{9E7D1023-085F-44C8-8A3B-637BB6E83292}.Release|ARM.Build.0 = Release|iPhoneSimulator
		{9E7D1023-085F-44C8-8A3B-637BB6E83292}.Release|ARM.Deploy.0 = Release|iPhoneSimulator
		{9E7D1023-085F-44C8-8A3B-637BB6E83292}.Release|iPhone.ActiveCfg = Release|iPhone
		{9E7D1023-085F-44C8-8A3B-637BB6E83292}.Release|iPhone.Build.0 = Release|iPhone
		{9E7D1023-085F-44C8-8A3B-637BB6E83292}.Release|iPhone.Deploy.0 = Release|iPhone
		{9E7D1023-085F-44C8-8A3B-637BB6E83292}.Release|iPhoneSimulator.ActiveCfg = Release|iPhoneSimulator
		{9E7D1023-085F-44C8-8A3B-637BB6E83292}.Release|iPhoneSimulator.Build.0 = Release|iPhoneSimulator
		{9E7D1023-085F-44C8-8A3B-637BB6E83292}.Release|iPhoneSimulator.Deploy.0 = Release|iPhoneSimulator
		{9E7D1023-085F-44C8-8A3B-637BB6E83292}.Release|x64.ActiveCfg = Release|iPhoneSimulator
		{9E7D1023-085F-44C8-8A3B-637BB6E83292}.Release|x64.Build.0 = Release|iPhoneSimulator
		{9E7D1023-085F-44C8-8A3B-637BB6E83292}.Release|x64.Deploy.0 = Release|iPhoneSimulator
		{9E7D1023-085F-44C8-8A3B-637BB6E83292}.Release|x86.ActiveCfg = Release|iPhoneSimulator
		{9E7D1023-085F-44C8-8A3B-637BB6E83292}.Release|x86.Build.0 = Release|iPhoneSimulator
		{9E7D1023-085F-44C8-8A3B-637BB6E83292}.Release|x86.Deploy.0 = Release|iPhoneSimulator
		{4C464A75-4B8C-4E7D-AD4A-18827246051B}.Debug|Any CPU.ActiveCfg = Debug|Any CPU
		{4C464A75-4B8C-4E7D-AD4A-18827246051B}.Debug|Any CPU.Build.0 = Debug|Any CPU
		{4C464A75-4B8C-4E7D-AD4A-18827246051B}.Debug|Any CPU.Deploy.0 = Debug|Any CPU
		{4C464A75-4B8C-4E7D-AD4A-18827246051B}.Debug|ARM.ActiveCfg = Debug|Any CPU
		{4C464A75-4B8C-4E7D-AD4A-18827246051B}.Debug|ARM.Build.0 = Debug|Any CPU
		{4C464A75-4B8C-4E7D-AD4A-18827246051B}.Debug|ARM.Deploy.0 = Debug|Any CPU
		{4C464A75-4B8C-4E7D-AD4A-18827246051B}.Debug|iPhone.ActiveCfg = Debug|Any CPU
		{4C464A75-4B8C-4E7D-AD4A-18827246051B}.Debug|iPhone.Build.0 = Debug|Any CPU
		{4C464A75-4B8C-4E7D-AD4A-18827246051B}.Debug|iPhone.Deploy.0 = Debug|Any CPU
		{4C464A75-4B8C-4E7D-AD4A-18827246051B}.Debug|iPhoneSimulator.ActiveCfg = Debug|Any CPU
		{4C464A75-4B8C-4E7D-AD4A-18827246051B}.Debug|iPhoneSimulator.Build.0 = Debug|Any CPU
		{4C464A75-4B8C-4E7D-AD4A-18827246051B}.Debug|iPhoneSimulator.Deploy.0 = Debug|Any CPU
		{4C464A75-4B8C-4E7D-AD4A-18827246051B}.Debug|x64.ActiveCfg = Debug|Any CPU
		{4C464A75-4B8C-4E7D-AD4A-18827246051B}.Debug|x64.Build.0 = Debug|Any CPU
		{4C464A75-4B8C-4E7D-AD4A-18827246051B}.Debug|x64.Deploy.0 = Debug|Any CPU
		{4C464A75-4B8C-4E7D-AD4A-18827246051B}.Debug|x86.ActiveCfg = Debug|Any CPU
		{4C464A75-4B8C-4E7D-AD4A-18827246051B}.Debug|x86.Build.0 = Debug|Any CPU
		{4C464A75-4B8C-4E7D-AD4A-18827246051B}.Debug|x86.Deploy.0 = Debug|Any CPU
		{4C464A75-4B8C-4E7D-AD4A-18827246051B}.Release|Any CPU.ActiveCfg = Release|Any CPU
		{4C464A75-4B8C-4E7D-AD4A-18827246051B}.Release|Any CPU.Build.0 = Release|Any CPU
		{4C464A75-4B8C-4E7D-AD4A-18827246051B}.Release|Any CPU.Deploy.0 = Release|Any CPU
		{4C464A75-4B8C-4E7D-AD4A-18827246051B}.Release|ARM.ActiveCfg = Release|Any CPU
		{4C464A75-4B8C-4E7D-AD4A-18827246051B}.Release|ARM.Build.0 = Release|Any CPU
		{4C464A75-4B8C-4E7D-AD4A-18827246051B}.Release|ARM.Deploy.0 = Release|Any CPU
		{4C464A75-4B8C-4E7D-AD4A-18827246051B}.Release|iPhone.ActiveCfg = Release|Any CPU
		{4C464A75-4B8C-4E7D-AD4A-18827246051B}.Release|iPhone.Build.0 = Release|Any CPU
		{4C464A75-4B8C-4E7D-AD4A-18827246051B}.Release|iPhone.Deploy.0 = Release|Any CPU
		{4C464A75-4B8C-4E7D-AD4A-18827246051B}.Release|iPhoneSimulator.ActiveCfg = Release|Any CPU
		{4C464A75-4B8C-4E7D-AD4A-18827246051B}.Release|iPhoneSimulator.Build.0 = Release|Any CPU
		{4C464A75-4B8C-4E7D-AD4A-18827246051B}.Release|iPhoneSimulator.Deploy.0 = Release|Any CPU
		{4C464A75-4B8C-4E7D-AD4A-18827246051B}.Release|x64.ActiveCfg = Release|Any CPU
		{4C464A75-4B8C-4E7D-AD4A-18827246051B}.Release|x64.Build.0 = Release|Any CPU
		{4C464A75-4B8C-4E7D-AD4A-18827246051B}.Release|x64.Deploy.0 = Release|Any CPU
		{4C464A75-4B8C-4E7D-AD4A-18827246051B}.Release|x86.ActiveCfg = Release|Any CPU
		{4C464A75-4B8C-4E7D-AD4A-18827246051B}.Release|x86.Build.0 = Release|Any CPU
		{4C464A75-4B8C-4E7D-AD4A-18827246051B}.Release|x86.Deploy.0 = Release|Any CPU
	EndGlobalSection
	GlobalSection(SolutionProperties) = preSolution
		HideSolutionNode = FALSE
	EndGlobalSection
	GlobalSection(ExtensibilityGlobals) = postSolution
		SolutionGuid = {54EFF3EF-5406-4E43-B538-F0098DE0A827}
	EndGlobalSection
EndGlobal
